
Microsoft Visual Studio Solution File, Format Version 12.00
# Visual Studio Version 16
VisualStudioVersion = 16.0.31515.178
MinimumVisualStudioVersion = 10.0.40219.1
Project("{8BC9CEB8-8B4A-11D0-8D11-00A0C91BC942}") = "Assignment-1", "Assignment-1\Assignment-1.vcxproj", "{11C7803F-A775-43BC-A847-191A9122B862}"
EndProject
Project("{8BC9CEB8-8B4A-11D0-8D11-00A0C91BC942}") = "Assignment-2", "Assignment-2\Assignment-2.vcxproj", "{787A1D97-EB9A-4F2B-A54A-65A6FD669E18}"
EndProject
Project("{8BC9CEB8-8B4A-11D0-8D11-00A0C91BC942}") = "Assignment-3", "Assignment-3\Assignment-3.vcxproj", "{9C6E8D21-83A4-4F9F-9B28-04F841423B7A}"
EndProject
Project("{8BC9CEB8-8B4A-11D0-8D11-00A0C91BC942}") = "Assignment-4", "Assignment-4\Assignment-4.vcxproj", "{FFB99DE7-E2CE-4EB3-AAA5-10F6D4BE0FF7}"
EndProject
Project("{8BC9CEB8-8B4A-11D0-8D11-00A0C91BC942}") = "FinalProject", "FinalProject\FinalProject.vcxproj", "{C3F65293-0631-4982-B9EC-5B6C2B27C323}"
EndProject
Global
	GlobalSection(SolutionConfigurationPlatforms) = preSolution
		Debug|x64 = Debug|x64
		Debug|x86 = Debug|x86
		Release|x64 = Release|x64
		Release|x86 = Release|x86
	EndGlobalSection
	GlobalSection(ProjectConfigurationPlatforms) = postSolution
		{11C7803F-A775-43BC-A847-191A9122B862}.Debug|x64.ActiveCfg = Debug|x64
		{11C7803F-A775-43BC-A847-191A9122B862}.Debug|x64.Build.0 = Debug|x64
		{11C7803F-A775-43BC-A847-191A9122B862}.Debug|x86.ActiveCfg = Debug|Win32
		{11C7803F-A775-43BC-A847-191A9122B862}.Debug|x86.Build.0 = Debug|Win32
		{11C7803F-A775-43BC-A847-191A9122B862}.Release|x64.ActiveCfg = Release|x64
		{11C7803F-A775-43BC-A847-191A9122B862}.Release|x64.Build.0 = Release|x64
		{11C7803F-A775-43BC-A847-191A9122B862}.Release|x86.ActiveCfg = Release|Win32
		{11C7803F-A775-43BC-A847-191A9122B862}.Release|x86.Build.0 = Release|Win32
		{787A1D97-EB9A-4F2B-A54A-65A6FD669E18}.Debug|x64.ActiveCfg = Debug|x64
		{787A1D97-EB9A-4F2B-A54A-65A6FD669E18}.Debug|x64.Build.0 = Debug|x64
		{787A1D97-EB9A-4F2B-A54A-65A6FD669E18}.Debug|x86.ActiveCfg = Debug|Win32
		{787A1D97-EB9A-4F2B-A54A-65A6FD669E18}.Debug|x86.Build.0 = Debug|Win32
		{787A1D97-EB9A-4F2B-A54A-65A6FD669E18}.Release|x64.ActiveCfg = Release|x64
		{787A1D97-EB9A-4F2B-A54A-65A6FD669E18}.Release|x64.Build.0 = Release|x64
		{787A1D97-EB9A-4F2B-A54A-65A6FD669E18}.Release|x86.ActiveCfg = Release|Win32
		{787A1D97-EB9A-4F2B-A54A-65A6FD669E18}.Release|x86.Build.0 = Release|Win32
		{9C6E8D21-83A4-4F9F-9B28-04F841423B7A}.Debug|x64.ActiveCfg = Debug|x64
		{9C6E8D21-83A4-4F9F-9B28-04F841423B7A}.Debug|x64.Build.0 = Debug|x64
		{9C6E8D21-83A4-4F9F-9B28-04F841423B7A}.Debug|x86.ActiveCfg = Debug|Win32
		{9C6E8D21-83A4-4F9F-9B28-04F841423B7A}.Debug|x86.Build.0 = Debug|Win32
		{9C6E8D21-83A4-4F9F-9B28-04F841423B7A}.Release|x64.ActiveCfg = Release|x64
		{9C6E8D21-83A4-4F9F-9B28-04F841423B7A}.Release|x64.Build.0 = Release|x64
		{9C6E8D21-83A4-4F9F-9B28-04F841423B7A}.Release|x86.ActiveCfg = Release|Win32
		{9C6E8D21-83A4-4F9F-9B28-04F841423B7A}.Release|x86.Build.0 = Release|Win32
		{FFB99DE7-E2CE-4EB3-AAA5-10F6D4BE0FF7}.Debug|x64.ActiveCfg = Debug|x64
		{FFB99DE7-E2CE-4EB3-AAA5-10F6D4BE0FF7}.Debug|x64.Build.0 = Debug|x64
		{FFB99DE7-E2CE-4EB3-AAA5-10F6D4BE0FF7}.Debug|x86.ActiveCfg = Debug|Win32
		{FFB99DE7-E2CE-4EB3-AAA5-10F6D4BE0FF7}.Debug|x86.Build.0 = Debug|Win32
		{FFB99DE7-E2CE-4EB3-AAA5-10F6D4BE0FF7}.Release|x64.ActiveCfg = Release|x64
		{FFB99DE7-E2CE-4EB3-AAA5-10F6D4BE0FF7}.Release|x64.Build.0 = Release|x64
		{FFB99DE7-E2CE-4EB3-AAA5-10F6D4BE0FF7}.Release|x86.ActiveCfg = Release|Win32
		{FFB99DE7-E2CE-4EB3-AAA5-10F6D4BE0FF7}.Release|x86.Build.0 = Release|Win32
		{C3F65293-0631-4982-B9EC-5B6C2B27C323}.Debug|x64.ActiveCfg = Debug|x64
		{C3F65293-0631-4982-B9EC-5B6C2B27C323}.Debug|x64.Build.0 = Debug|x64
		{C3F65293-0631-4982-B9EC-5B6C2B27C323}.Debug|x86.ActiveCfg = Debug|Win32
		{C3F65293-0631-4982-B9EC-5B6C2B27C323}.Debug|x86.Build.0 = Debug|Win32
		{C3F65293-0631-4982-B9EC-5B6C2B27C323}.Release|x64.ActiveCfg = Release|x64
		{C3F65293-0631-4982-B9EC-5B6C2B27C323}.Release|x64.Build.0 = Release|x64
		{C3F65293-0631-4982-B9EC-5B6C2B27C323}.Release|x86.ActiveCfg = Release|Win32
		{C3F65293-0631-4982-B9EC-5B6C2B27C323}.Release|x86.Build.0 = Release|Win32
	EndGlobalSection
	GlobalSection(SolutionProperties) = preSolution
		HideSolutionNode = FALSE
	EndGlobalSection
	GlobalSection(ExtensibilityGlobals) = postSolution
		SolutionGuid = {84D31F8E-8E22-4D12-8AF1-8F944AD77E09}
	EndGlobalSection
EndGlobal
