<?xml version="1.0" encoding="utf-8"?>
<Project ToolsVersion="4.0" xmlns="http://schemas.microsoft.com/developer/msbuild/2003">
  <ItemGroup>
    <Filter Include="Resource Files">
      <UniqueIdentifier>{67DA6AB6-F800-4c08-8B7A-83BB121AAD01}</UniqueIdentifier>
      <Extensions>rc;ico;cur;bmp;dlg;rc2;rct;bin;rgs;gif;jpg;jpeg;jpe;resx;tiff;tif;png;wav;mfcribbon-ms</Extensions>
    </Filter>
    <Filter Include="src">
      <UniqueIdentifier>{6af6514d-2888-44ac-92dc-af96f0256272}</UniqueIdentifier>
    </Filter>
    <Filter Include="src\Physics">
      <UniqueIdentifier>{e3627f75-3991-4b7a-b881-b7f74f26457d}</UniqueIdentifier>
    </Filter>
  </ItemGroup>
  <ItemGroup>
    <Text Include="assets.txt">
      <Filter>Resource Files</Filter>
    </Text>
  </ItemGroup>
  <ItemGroup>
    <ClCompile Include="Action.cpp">
      <Filter>src</Filter>
    </ClCompile>
    <ClCompile Include="Animation.cpp">
      <Filter>src</Filter>
    </ClCompile>
    <ClCompile Include="Assets.cpp">
      <Filter>src</Filter>
    </ClCompile>
    <ClCompile Include="GameEngine.cpp">
      <Filter>src</Filter>
    </ClCompile>
    <ClCompile Include="main.cpp">
      <Filter>src</Filter>
    </ClCompile>
    <ClCompile Include="Scene.cpp">
      <Filter>src</Filter>
    </ClCompile>
  </ItemGroup>
  <ItemGroup>
    <ClInclude Include="Action.h">
      <Filter>src</Filter>
    </ClInclude>
    <ClInclude Include="Animation.h">
      <Filter>src</Filter>
    </ClInclude>
    <ClInclude Include="Assets.h">
      <Filter>src</Filter>
    </ClInclude>
    <ClInclude Include="Common.h">
      <Filter>src</Filter>
    </ClInclude>
    <ClInclude Include="Components.h">
      <Filter>src</Filter>
    </ClInclude>
    <ClInclude Include="Entity.h">
      <Filter>src</Filter>
    </ClInclude>
    <ClInclude Include="EntityManager.h">
      <Filter>src</Filter>
    </ClInclude>
    <ClInclude Include="EntityMemoryPool.h">
      <Filter>src</Filter>
    </ClInclude>
    <ClInclude Include="GameEngine.h">
      <Filter>src</Filter>
    </ClInclude>
    <ClInclude Include="Scene.h">
      <Filter>src</Filter>
    </ClInclude>
    <ClInclude Include="Physics.h">
      <Filter>src\Physics</Filter>
    </ClInclude>
    <ClInclude Include="vector2.h">
      <Filter>src\Physics</Filter>
    </ClInclude>
    <ClInclude Include="floats.h">
      <Filter>src\Physics</Filter>
    </ClInclude>
    <ClInclude Include="primitives.h">
      <Filter>src\Physics</Filter>
    </ClInclude>
    <ClInclude Include="visibility.h">
      <Filter>src\Physics</Filter>
    </ClInclude>
  </ItemGroup>
</Project>